{
  "name": "bitter-project",
  "lockfileVersion": 2,
  "requires": true,
  "packages": {
    "": {
      "dependencies": {
        "vue-avatar-editor-improved": "^1.0.7"
      }
    },
    "node_modules/vue": {
      "version": "2.6.14",
      "resolved": "https://registry.npmjs.org/vue/-/vue-2.6.14.tgz",
      "integrity": "sha512-x2284lgYvjOMj3Za7kqzRcUSxBboHqtgRE2zlos1qWaOye5yUmHn42LB1250NJBLRwEcdrB0JRwyPTEPhfQjiQ=="
    },
    "node_modules/vue-avatar-editor-improved": {
      "version": "1.0.7",
      "resolved": "https://registry.npmjs.org/vue-avatar-editor-improved/-/vue-avatar-editor-improved-1.0.7.tgz",
      "integrity": "sha512-zmHkXbyZtW51MdID8V6lO4hf4fFQrqLasTNZvlSfAmIfLVC4wAwsVsjt7y7m8BqwuE6nrEFYNlt4IA1VAJ3x9A==",
      "dependencies": {
        "vue": "^2.4.1"
      },
      "engines": {
        "node": ">= 4.0.0",
        "npm": ">= 3.0.0"
      }
    }
  },
  "dependencies": {
    "vue": {
      "version": "2.6.14",
      "resolved": "https://registry.npmjs.org/vue/-/vue-2.6.14.tgz",
      "integrity": "sha512-x2284lgYvjOMj3Za7kqzRcUSxBboHqtgRE2zlos1qWaOye5yUmHn42LB1250NJBLRwEcdrB0JRwyPTEPhfQjiQ=="
    },
    "vue-avatar-editor-improved": {
      "version": "1.0.7",
      "resolved": "https://registry.npmjs.org/vue-avatar-editor-improved/-/vue-avatar-editor-improved-1.0.7.tgz",
      "integrity": "sha512-zmHkXbyZtW51MdID8V6lO4hf4fFQrqLasTNZvlSfAmIfLVC4wAwsVsjt7y7m8BqwuE6nrEFYNlt4IA1VAJ3x9A==",
      "requires": {
        "vue": "^2.4.1"
      }
    }
  }
}
